
Microsoft Visual Studio Solution File, Format Version 12.00
# Visual Studio Version 17
VisualStudioVersion = 17.0.31912.275
MinimumVisualStudioVersion = 10.0.40219.1
Project("{9A19103F-16F7-4668-BE54-9A1E7A4F7556}") = "MDPISensors", "MDPISensors.csproj", "{37EF89AD-893E-44E1-8BE8-E6F95F355041}"
EndProject
Global
	GlobalSection(SolutionConfigurationPlatforms) = preSolution
		Debug|Any CPU = Debug|Any CPU
		Release|Any CPU = Release|Any CPU
	EndGlobalSection
	GlobalSection(ProjectConfigurationPlatforms) = postSolution
		{37EF89AD-893E-44E1-8BE8-E6F95F355041}.Debug|Any CPU.ActiveCfg = Debug|Any CPU
		{37EF89AD-893E-44E1-8BE8-E6F95F355041}.Debug|Any CPU.Build.0 = Debug|Any CPU
		{37EF89AD-893E-44E1-8BE8-E6F95F355041}.Release|Any CPU.ActiveCfg = Release|Any CPU
		{37EF89AD-893E-44E1-8BE8-E6F95F355041}.Release|Any CPU.Build.0 = Release|Any CPU
	EndGlobalSection
	GlobalSection(SolutionProperties) = preSolution
		HideSolutionNode = FALSE
	EndGlobalSection
	GlobalSection(ExtensibilityGlobals) = postSolution
		SolutionGuid = {56AD6807-3599-46A1-8C55-FED846F4E503}
	EndGlobalSection
EndGlobal
